
Microsoft Visual Studio Solution File, Format Version 12.00
# Visual Studio 15
VisualStudioVersion = 15.0.27703.2042
MinimumVisualStudioVersion = 10.0.40219.1
Project("{FAE04EC0-301F-11D3-BF4B-00C04F79EFBC}") = "project-Principal", "project-Principal\project-Principal.csproj", "{C23694B3-6BAD-4EC7-AF9D-9C046A08594C}"
EndProject
Global
	GlobalSection(SolutionConfigurationPlatforms) = preSolution
		Debug|Any CPU = Debug|Any CPU
		Release|Any CPU = Release|Any CPU
	EndGlobalSection
	GlobalSection(ProjectConfigurationPlatforms) = postSolution
		{C23694B3-6BAD-4EC7-AF9D-9C046A08594C}.Debug|Any CPU.ActiveCfg = Debug|Any CPU
		{C23694B3-6BAD-4EC7-AF9D-9C046A08594C}.Debug|Any CPU.Build.0 = Debug|Any CPU
		{C23694B3-6BAD-4EC7-AF9D-9C046A08594C}.Release|Any CPU.ActiveCfg = Release|Any CPU
		{C23694B3-6BAD-4EC7-AF9D-9C046A08594C}.Release|Any CPU.Build.0 = Release|Any CPU
	EndGlobalSection
	GlobalSection(SolutionProperties) = preSolution
		HideSolutionNode = FALSE
	EndGlobalSection
	GlobalSection(ExtensibilityGlobals) = postSolution
		SolutionGuid = {FDFFE3BF-C746-475C-A4B4-8A50AC086BD5}
	EndGlobalSection
EndGlobal
