
Microsoft Visual Studio Solution File, Format Version 12.00
# Visual Studio 15
VisualStudioVersion = 15.0.27703.2042
MinimumVisualStudioVersion = 10.0.40219.1
Project("{FAE04EC0-301F-11D3-BF4B-00C04F79EFBC}") = "projeto4-GroupBox", "projeto4-GroupBox\projeto4-GroupBox.csproj", "{6E459715-3116-44F9-BEF2-229C5646944B}"
EndProject
Global
	GlobalSection(SolutionConfigurationPlatforms) = preSolution
		Debug|Any CPU = Debug|Any CPU
		Release|Any CPU = Release|Any CPU
	EndGlobalSection
	GlobalSection(ProjectConfigurationPlatforms) = postSolution
		{6E459715-3116-44F9-BEF2-229C5646944B}.Debug|Any CPU.ActiveCfg = Debug|Any CPU
		{6E459715-3116-44F9-BEF2-229C5646944B}.Debug|Any CPU.Build.0 = Debug|Any CPU
		{6E459715-3116-44F9-BEF2-229C5646944B}.Release|Any CPU.ActiveCfg = Release|Any CPU
		{6E459715-3116-44F9-BEF2-229C5646944B}.Release|Any CPU.Build.0 = Release|Any CPU
	EndGlobalSection
	GlobalSection(SolutionProperties) = preSolution
		HideSolutionNode = FALSE
	EndGlobalSection
	GlobalSection(ExtensibilityGlobals) = postSolution
		SolutionGuid = {8EE12856-028F-4E54-9D98-CD8EF3BB3706}
	EndGlobalSection
EndGlobal
